
Microsoft Visual Studio Solution File, Format Version 12.00
# Visual Studio Version 17
VisualStudioVersion = 17.6.33815.320
MinimumVisualStudioVersion = 10.0.40219.1
Project("{2150E333-8FDC-42A3-9474-1A3956D46DE8}") = "src", "src", "{E3F25F9E-CA6E-45F8-8ABF-7EF04E14FBB7}"
EndProject
Project("{2150E333-8FDC-42A3-9474-1A3956D46DE8}") = "test", "test", "{B7734721-AF46-4AFD-BCC0-A967E5F14CC1}"
EndProject
Project("{FAE04EC0-301F-11D3-BF4B-00C04F79EFBC}") = "Bookify.Domain", "src/Bookify.Domain\Bookify.Domain.csproj", "{4AF86F5A-2392-4155-A579-4DDC7FBAD1B1}"
EndProject
Global
	GlobalSection(SolutionConfigurationPlatforms) = preSolution
		Debug|Any CPU = Debug|Any CPU
		Release|Any CPU = Release|Any CPU
	EndGlobalSection
	GlobalSection(ProjectConfigurationPlatforms) = postSolution
		{4AF86F5A-2392-4155-A579-4DDC7FBAD1B1}.Debug|Any CPU.ActiveCfg = Debug|Any CPU
		{4AF86F5A-2392-4155-A579-4DDC7FBAD1B1}.Debug|Any CPU.Build.0 = Debug|Any CPU
		{4AF86F5A-2392-4155-A579-4DDC7FBAD1B1}.Release|Any CPU.ActiveCfg = Release|Any CPU
		{4AF86F5A-2392-4155-A579-4DDC7FBAD1B1}.Release|Any CPU.Build.0 = Release|Any CPU
	EndGlobalSection
	GlobalSection(SolutionProperties) = preSolution
		HideSolutionNode = FALSE
	EndGlobalSection
	GlobalSection(NestedProjects) = preSolution
		{4AF86F5A-2392-4155-A579-4DDC7FBAD1B1} = {E3F25F9E-CA6E-45F8-8ABF-7EF04E14FBB7}
	EndGlobalSection
	GlobalSection(ExtensibilityGlobals) = postSolution
		SolutionGuid = {7886086E-5FDE-4346-9331-C3CEE77E1E7A}
	EndGlobalSection
EndGlobal
